
Microsoft Visual Studio Solution File, Format Version 12.00
# Visual Studio Version 17
VisualStudioVersion = 17.1.32407.343
MinimumVisualStudioVersion = 10.0.40219.1
Project("{FAE04EC0-301F-11D3-BF4B-00C04F79EFBC}") = "CryptoAPI", "CryptoAPI.csproj", "{EDD72BF0-0112-4839-BD9F-097115DD40CF}"
EndProject
Global
	GlobalSection(SolutionConfigurationPlatforms) = preSolution
		Debug|Any CPU = Debug|Any CPU
		Release|Any CPU = Release|Any CPU
	EndGlobalSection
	GlobalSection(ProjectConfigurationPlatforms) = postSolution
		{EDD72BF0-0112-4839-BD9F-097115DD40CF}.Debug|Any CPU.ActiveCfg = Debug|Any CPU
		{EDD72BF0-0112-4839-BD9F-097115DD40CF}.Debug|Any CPU.Build.0 = Debug|Any CPU
		{EDD72BF0-0112-4839-BD9F-097115DD40CF}.Release|Any CPU.ActiveCfg = Release|Any CPU
		{EDD72BF0-0112-4839-BD9F-097115DD40CF}.Release|Any CPU.Build.0 = Release|Any CPU
	EndGlobalSection
	GlobalSection(SolutionProperties) = preSolution
		HideSolutionNode = FALSE
	EndGlobalSection
	GlobalSection(ExtensibilityGlobals) = postSolution
		SolutionGuid = {17C379C9-1DE3-4AD9-8DC7-A79396BDDC6F}
	EndGlobalSection
EndGlobal
